
Microsoft Visual Studio Solution File, Format Version 9.00
# Visual Studio 2005
Project("{8BC9CEB8-8B4A-11D0-8D11-00A0C91BC942}") = "cdemo", "cdemo.vcproj", "{30D7BBD6-5766-4A88-818A-47AC1520B484}"
EndProject
Global
	GlobalSection(SolutionConfigurationPlatforms) = preSolution
		Debug|Win32 = Debug|Win32
		Release|Win32 = Release|Win32
	EndGlobalSection
	GlobalSection(ProjectConfigurationPlatforms) = postSolution
		{30D7BBD6-5766-4A88-818A-47AC1520B484}.Debug|Win32.ActiveCfg = Debug|Win32
		{30D7BBD6-5766-4A88-818A-47AC1520B484}.Debug|Win32.Build.0 = Debug|Win32
		{30D7BBD6-5766-4A88-818A-47AC1520B484}.Release|Win32.ActiveCfg = Release|Win32
		{30D7BBD6-5766-4A88-818A-47AC1520B484}.Release|Win32.Build.0 = Release|Win32
	EndGlobalSection
	GlobalSection(SolutionProperties) = preSolution
		HideSolutionNode = FALSE
	EndGlobalSection
EndGlobal
